
Microsoft Visual Studio Solution File, Format Version 12.00
Project("{FAE04EC0-301F-11D3-BF4B-00C04F79EFBC}") = "Core", "src\Core\Core.csproj", "{9893356E-DB67-4C76-8456-05772F9A2441}"
EndProject
Project("{FAE04EC0-301F-11D3-BF4B-00C04F79EFBC}") = "Tests", "src\Tests\Tests.csproj", "{7FF7C931-0DAF-4BA3-B017-AC206A19D13C}"
EndProject
Global
	GlobalSection(SolutionConfigurationPlatforms) = preSolution
		Debug|Any CPU = Debug|Any CPU
		Release|Any CPU = Release|Any CPU
	EndGlobalSection
	GlobalSection(ProjectConfigurationPlatforms) = postSolution
		{9893356E-DB67-4C76-8456-05772F9A2441}.Debug|Any CPU.ActiveCfg = Debug|Any CPU
		{9893356E-DB67-4C76-8456-05772F9A2441}.Debug|Any CPU.Build.0 = Debug|Any CPU
		{9893356E-DB67-4C76-8456-05772F9A2441}.Release|Any CPU.ActiveCfg = Release|Any CPU
		{9893356E-DB67-4C76-8456-05772F9A2441}.Release|Any CPU.Build.0 = Release|Any CPU
		{7FF7C931-0DAF-4BA3-B017-AC206A19D13C}.Debug|Any CPU.ActiveCfg = Debug|Any CPU
		{7FF7C931-0DAF-4BA3-B017-AC206A19D13C}.Debug|Any CPU.Build.0 = Debug|Any CPU
		{7FF7C931-0DAF-4BA3-B017-AC206A19D13C}.Release|Any CPU.ActiveCfg = Release|Any CPU
		{7FF7C931-0DAF-4BA3-B017-AC206A19D13C}.Release|Any CPU.Build.0 = Release|Any CPU
	EndGlobalSection
EndGlobal
